
Microsoft Visual Studio Solution File, Format Version 12.00
# Visual Studio Version 17
VisualStudioVersion = 17.5.33530.505
MinimumVisualStudioVersion = 10.0.40219.1
Project("{9A19103F-16F7-4668-BE54-9A1E7A4F7556}") = "Logistics.Domain", "Logistics.Domain\Logistics.Domain.csproj", "{06E6DA85-E350-4B01-87CD-13CB8A6ACE98}"
EndProject
Project("{9A19103F-16F7-4668-BE54-9A1E7A4F7556}") = "Logistics.Admin", "Logistics.Admin\Logistics.Admin.csproj", "{20C459E0-C4AC-41A4-9079-D6411FF69448}"
EndProject
Project("{9A19103F-16F7-4668-BE54-9A1E7A4F7556}") = "Logistics.User", "Logistics.User\Logistics.User.csproj", "{EEE124D0-29E4-4809-92DE-6BDDF72E04B1}"
EndProject
Project("{9A19103F-16F7-4668-BE54-9A1E7A4F7556}") = "Logistics.Admin.Forms", "Logistics.Admin.Forms\Logistics.Admin.Forms.csproj", "{075DD438-7E5C-43EC-B61D-A0497D3CFAD5}"
EndProject
Project("{9A19103F-16F7-4668-BE54-9A1E7A4F7556}") = "Logistics.User.Forms", "Logistics.User.Forms\Logistics.User.Forms.csproj", "{268A09E2-83C4-40A4-8C88-AFFC9C4281B4}"
EndProject
Project("{FAE04EC0-301F-11D3-BF4B-00C04F79EFBC}") = "Logistics.Tests", "Logistics.Tests\Logistics.Tests.csproj", "{E50B1BDA-5088-42DD-B6B0-5DC7612E15F4}"
EndProject
Global
	GlobalSection(SolutionConfigurationPlatforms) = preSolution
		Debug|Any CPU = Debug|Any CPU
		Release|Any CPU = Release|Any CPU
	EndGlobalSection
	GlobalSection(ProjectConfigurationPlatforms) = postSolution
		{06E6DA85-E350-4B01-87CD-13CB8A6ACE98}.Debug|Any CPU.ActiveCfg = Debug|Any CPU
		{06E6DA85-E350-4B01-87CD-13CB8A6ACE98}.Debug|Any CPU.Build.0 = Debug|Any CPU
		{06E6DA85-E350-4B01-87CD-13CB8A6ACE98}.Release|Any CPU.ActiveCfg = Release|Any CPU
		{06E6DA85-E350-4B01-87CD-13CB8A6ACE98}.Release|Any CPU.Build.0 = Release|Any CPU
		{20C459E0-C4AC-41A4-9079-D6411FF69448}.Debug|Any CPU.ActiveCfg = Debug|Any CPU
		{20C459E0-C4AC-41A4-9079-D6411FF69448}.Debug|Any CPU.Build.0 = Debug|Any CPU
		{20C459E0-C4AC-41A4-9079-D6411FF69448}.Release|Any CPU.ActiveCfg = Release|Any CPU
		{20C459E0-C4AC-41A4-9079-D6411FF69448}.Release|Any CPU.Build.0 = Release|Any CPU
		{EEE124D0-29E4-4809-92DE-6BDDF72E04B1}.Debug|Any CPU.ActiveCfg = Debug|Any CPU
		{EEE124D0-29E4-4809-92DE-6BDDF72E04B1}.Debug|Any CPU.Build.0 = Debug|Any CPU
		{EEE124D0-29E4-4809-92DE-6BDDF72E04B1}.Release|Any CPU.ActiveCfg = Release|Any CPU
		{EEE124D0-29E4-4809-92DE-6BDDF72E04B1}.Release|Any CPU.Build.0 = Release|Any CPU
		{075DD438-7E5C-43EC-B61D-A0497D3CFAD5}.Debug|Any CPU.ActiveCfg = Debug|Any CPU
		{075DD438-7E5C-43EC-B61D-A0497D3CFAD5}.Debug|Any CPU.Build.0 = Debug|Any CPU
		{075DD438-7E5C-43EC-B61D-A0497D3CFAD5}.Release|Any CPU.ActiveCfg = Release|Any CPU
		{075DD438-7E5C-43EC-B61D-A0497D3CFAD5}.Release|Any CPU.Build.0 = Release|Any CPU
		{268A09E2-83C4-40A4-8C88-AFFC9C4281B4}.Debug|Any CPU.ActiveCfg = Debug|Any CPU
		{268A09E2-83C4-40A4-8C88-AFFC9C4281B4}.Debug|Any CPU.Build.0 = Debug|Any CPU
		{268A09E2-83C4-40A4-8C88-AFFC9C4281B4}.Release|Any CPU.ActiveCfg = Release|Any CPU
		{268A09E2-83C4-40A4-8C88-AFFC9C4281B4}.Release|Any CPU.Build.0 = Release|Any CPU
		{E50B1BDA-5088-42DD-B6B0-5DC7612E15F4}.Debug|Any CPU.ActiveCfg = Debug|Any CPU
		{E50B1BDA-5088-42DD-B6B0-5DC7612E15F4}.Debug|Any CPU.Build.0 = Debug|Any CPU
		{E50B1BDA-5088-42DD-B6B0-5DC7612E15F4}.Release|Any CPU.ActiveCfg = Release|Any CPU
		{E50B1BDA-5088-42DD-B6B0-5DC7612E15F4}.Release|Any CPU.Build.0 = Release|Any CPU
	EndGlobalSection
	GlobalSection(SolutionProperties) = preSolution
		HideSolutionNode = FALSE
	EndGlobalSection
	GlobalSection(ExtensibilityGlobals) = postSolution
		SolutionGuid = {1F9B05BC-5E7F-4CD5-93D7-8300707D4454}
	EndGlobalSection
EndGlobal
